// !$*UTF8*$!
{
	archiveVersion = 1;
	classes = {
	};
	objectVersion = 50;
	objects = {

/* Begin PBXBuildFile section */
		E0A0FB5B22CE1AB20061CC42 /* TVMazeAPI.swift in Sources */ = {isa = PBXBuildFile; fileRef = E0A0FB5A22CE1AB20061CC42 /* TVMazeAPI.swift */; };
		E0A0FB5D22CE22720061CC42 /* TVMazeResult.swift in Sources */ = {isa = PBXBuildFile; fileRef = E0A0FB5C22CE22720061CC42 /* TVMazeResult.swift */; };
		E0B695C022CE473D00ED0616 /* TVCell.swift in Sources */ = {isa = PBXBuildFile; fileRef = E0B695BF22CE473D00ED0616 /* TVCell.swift */; };
		E0D32CFF22CDFF8F00A9BACE /* AppDelegate.swift in Sources */ = {isa = PBXBuildFile; fileRef = E0D32CFE22CDFF8F00A9BACE /* AppDelegate.swift */; };
		E0D32D0122CDFF8F00A9BACE /* SearchViewController.swift in Sources */ = {isa = PBXBuildFile; fileRef = E0D32D0022CDFF8F00A9BACE /* SearchViewController.swift */; };
		E0D32D0422CDFF8F00A9BACE /* Main.storyboard in Resources */ = {isa = PBXBuildFile; fileRef = E0D32D0222CDFF8F00A9BACE /* Main.storyboard */; };
		E0D32D0622CDFF9100A9BACE /* Assets.xcassets in Resources */ = {isa = PBXBuildFile; fileRef = E0D32D0522CDFF9100A9BACE /* Assets.xcassets */; };
		E0D32D0922CDFF9100A9BACE /* LaunchScreen.storyboard in Resources */ = {isa = PBXBuildFile; fileRef = E0D32D0722CDFF9100A9BACE /* LaunchScreen.storyboard */; };
/* End PBXBuildFile section */

/* Begin PBXFileReference section */
		E0A0FB5A22CE1AB20061CC42 /* TVMazeAPI.swift */ = {isa = PBXFileReference; lastKnownFileType = sourcecode.swift; path = TVMazeAPI.swift; sourceTree = "<group>"; };
		E0A0FB5C22CE22720061CC42 /* TVMazeResult.swift */ = {isa = PBXFileReference; lastKnownFileType = sourcecode.swift; path = TVMazeResult.swift; sourceTree = "<group>"; };
		E0B695BF22CE473D00ED0616 /* TVCell.swift */ = {isa = PBXFileReference; lastKnownFileType = sourcecode.swift; path = TVCell.swift; sourceTree = "<group>"; };
		E0D32CFB22CDFF8F00A9BACE /* AddicTV.app */ = {isa = PBXFileReference; explicitFileType = wrapper.application; includeInIndex = 0; path = AddicTV.app; sourceTree = BUILT_PRODUCTS_DIR; };
		E0D32CFE22CDFF8F00A9BACE /* AppDelegate.swift */ = {isa = PBXFileReference; lastKnownFileType = sourcecode.swift; path = AppDelegate.swift; sourceTree = "<group>"; };
		E0D32D0022CDFF8F00A9BACE /* SearchViewController.swift */ = {isa = PBXFileReference; lastKnownFileType = sourcecode.swift; path = SearchViewController.swift; sourceTree = "<group>"; };
		E0D32D0322CDFF8F00A9BACE /* Base */ = {isa = PBXFileReference; lastKnownFileType = file.storyboard; name = Base; path = Base.lproj/Main.storyboard; sourceTree = "<group>"; };
		E0D32D0522CDFF9100A9BACE /* Assets.xcassets */ = {isa = PBXFileReference; lastKnownFileType = folder.assetcatalog; path = Assets.xcassets; sourceTree = "<group>"; };
		E0D32D0822CDFF9100A9BACE /* Base */ = {isa = PBXFileReference; lastKnownFileType = file.storyboard; name = Base; path = Base.lproj/LaunchScreen.storyboard; sourceTree = "<group>"; };
		E0D32D0A22CDFF9100A9BACE /* Info.plist */ = {isa = PBXFileReference; lastKnownFileType = text.plist.xml; path = Info.plist; sourceTree = "<group>"; };
/* End PBXFileReference section */

/* Begin PBXFrameworksBuildPhase section */
		E0D32CF822CDFF8F00A9BACE /* Frameworks */ = {
			isa = PBXFrameworksBuildPhase;
			buildActionMask = 2147483647;
			files = (
			);
			runOnlyForDeploymentPostprocessing = 0;
		};
/* End PBXFrameworksBuildPhase section */

/* Begin PBXGroup section */
		E0A0FB5822CE19620061CC42 /* Controller */ = {
			isa = PBXGroup;
			children = (
				E0B695BF22CE473D00ED0616 /* TVCell.swift */,
				E0D32D0022CDFF8F00A9BACE /* SearchViewController.swift */,
			);
			path = Controller;
			sourceTree = "<group>";
		};
		E0A0FB5922CE19730061CC42 /* Model */ = {
			isa = PBXGroup;
			children = (
				E0A0FB5A22CE1AB20061CC42 /* TVMazeAPI.swift */,
				E0A0FB5C22CE22720061CC42 /* TVMazeResult.swift */,
			);
			path = Model;
			sourceTree = "<group>";
		};
		E0D32CF222CDFF8F00A9BACE = {
			isa = PBXGroup;
			children = (
				E0D32CFD22CDFF8F00A9BACE /* AddicTV */,
				E0D32CFC22CDFF8F00A9BACE /* Products */,
			);
			sourceTree = "<group>";
		};
		E0D32CFC22CDFF8F00A9BACE /* Products */ = {
			isa = PBXGroup;
			children = (
				E0D32CFB22CDFF8F00A9BACE /* AddicTV.app */,
			);
			name = Products;
			sourceTree = "<group>";
		};
		E0D32CFD22CDFF8F00A9BACE /* AddicTV */ = {
			isa = PBXGroup;
			children = (
				E0A0FB5922CE19730061CC42 /* Model */,
				E0D32D1122CE000500A9BACE /* View */,
				E0A0FB5822CE19620061CC42 /* Controller */,
				E0D32D1022CDFFBD00A9BACE /* Supporting Files */,
			);
			path = AddicTV;
			sourceTree = "<group>";
		};
		E0D32D1022CDFFBD00A9BACE /* Supporting Files */ = {
			isa = PBXGroup;
			children = (
				E0D32CFE22CDFF8F00A9BACE /* AppDelegate.swift */,
				E0D32D0522CDFF9100A9BACE /* Assets.xcassets */,
				E0D32D0722CDFF9100A9BACE /* LaunchScreen.storyboard */,
				E0D32D0A22CDFF9100A9BACE /* Info.plist */,
			);
			name = "Supporting Files";
			sourceTree = "<group>";
		};
		E0D32D1122CE000500A9BACE /* View */ = {
			isa = PBXGroup;
			children = (
				E0D32D0222CDFF8F00A9BACE /* Main.storyboard */,
			);
			path = View;
			sourceTree = "<group>";
		};
/* End PBXGroup section */

/* Begin PBXNativeTarget section */
		E0D32CFA22CDFF8F00A9BACE /* AddicTV */ = {
			isa = PBXNativeTarget;
			buildConfigurationList = E0D32D0D22CDFF9100A9BACE /* Build configuration list for PBXNativeTarget "AddicTV" */;
			buildPhases = (
				E0D32CF722CDFF8F00A9BACE /* Sources */,
				E0D32CF822CDFF8F00A9BACE /* Frameworks */,
				E0D32CF922CDFF8F00A9BACE /* Resources */,
			);
			buildRules = (
			);
			dependencies = (
			);
			name = AddicTV;
			productName = AddicTV;
			productReference = E0D32CFB22CDFF8F00A9BACE /* AddicTV.app */;
			productType = "com.apple.product-type.application";
		};
/* End PBXNativeTarget section */

/* Begin PBXProject section */
		E0D32CF322CDFF8F00A9BACE /* Project object */ = {
			isa = PBXProject;
			attributes = {
				LastSwiftUpdateCheck = 1010;
				LastUpgradeCheck = 1010;
				ORGANIZATIONNAME = "Ahmad Al-Mutawa";
				TargetAttributes = {
					E0D32CFA22CDFF8F00A9BACE = {
						CreatedOnToolsVersion = 10.1;
						LastSwiftMigration = 1020;
					};
				};
			};
			buildConfigurationList = E0D32CF622CDFF8F00A9BACE /* Build configuration list for PBXProject "AddicTV" */;
			compatibilityVersion = "Xcode 9.3";
			developmentRegion = en;
			hasScannedForEncodings = 0;
			knownRegions = (
				en,
				Base,
			);
			mainGroup = E0D32CF222CDFF8F00A9BACE;
			productRefGroup = E0D32CFC22CDFF8F00A9BACE /* Products */;
			projectDirPath = "";
			projectRoot = "";
			targets = (
				E0D32CFA22CDFF8F00A9BACE /* AddicTV */,
			);
		};
/* End PBXProject section */

/* Begin PBXResourcesBuildPhase section */
		E0D32CF922CDFF8F00A9BACE /* Resources */ = {
			isa = PBXResourcesBuildPhase;
			buildActionMask = 2147483647;
			files = (
				E0D32D0922CDFF9100A9BACE /* LaunchScreen.storyboard in Resources */,
				E0D32D0622CDFF9100A9BACE /* Assets.xcassets in Resources */,
				E0D32D0422CDFF8F00A9BACE /* Main.storyboard in Resources */,
			);
			runOnlyForDeploymentPostprocessing = 0;
		};
/* End PBXResourcesBuildPhase section */

/* Begin PBXSourcesBuildPhase section */
		E0D32CF722CDFF8F00A9BACE /* Sources */ = {
			isa = PBXSourcesBuildPhase;
			buildActionMask = 2147483647;
			files = (
				E0D32D0122CDFF8F00A9BACE /* SearchViewController.swift in Sources */,
				E0A0FB5B22CE1AB20061CC42 /* TVMazeAPI.swift in Sources */,
				E0D32CFF22CDFF8F00A9BACE /* AppDelegate.swift in Sources */,
				E0B695C022CE473D00ED0616 /* TVCell.swift in Sources */,
				E0A0FB5D22CE22720061CC42 /* TVMazeResult.swift in Sources */,
			);
			runOnlyForDeploymentPostprocessing = 0;
		};
/* End PBXSourcesBuildPhase section */

/* Begin PBXVariantGroup section */
		E0D32D0222CDFF8F00A9BACE /* Main.storyboard */ = {
			isa = PBXVariantGroup;
			children = (
				E0D32D0322CDFF8F00A9BACE /* Base */,
			);
			name = Main.storyboard;
			sourceTree = "<group>";
		};
		E0D32D0722CDFF9100A9BACE /* LaunchScreen.storyboard */ = {
			isa = PBXVariantGroup;
			children = (
				E0D32D0822CDFF9100A9BACE /* Base */,
			);
			name = LaunchScreen.storyboard;
			sourceTree = "<group>";
		};
/* End PBXVariantGroup section */

/* Begin XCBuildConfiguration section */
		E0D32D0B22CDFF9100A9BACE /* Debug */ = {
			isa = XCBuildConfiguration;
			buildSettings = {
				ALWAYS_SEARCH_USER_PATHS = NO;
				CLANG_ANALYZER_NONNULL = YES;
				CLANG_ANALYZER_NUMBER_OBJECT_CONVERSION = YES_AGGRESSIVE;
				CLANG_CXX_LANGUAGE_STANDARD = "gnu++14";
				CLANG_CXX_LIBRARY = "libc++";
				CLANG_ENABLE_MODULES = YES;
				CLANG_ENABLE_OBJC_ARC = YES;
				CLANG_ENABLE_OBJC_WEAK = YES;
				CLANG_WARN_BLOCK_CAPTURE_AUTORELEASING = YES;
				CLANG_WARN_BOOL_CONVERSION = YES;
				CLANG_WARN_COMMA = YES;
				CLANG_WARN_CONSTANT_CONVERSION = YES;
				CLANG_WARN_DEPRECATED_OBJC_IMPLEMENTATIONS = YES;
				CLANG_WARN_DIRECT_OBJC_ISA_USAGE = YES_ERROR;
				CLANG_WARN_DOCUMENTATION_COMMENTS = YES;
				CLANG_WARN_EMPTY_BODY = YES;
				CLANG_WARN_ENUM_CONVERSION = YES;
				CLANG_WARN_INFINITE_RECURSION = YES;
				CLANG_WARN_INT_CONVERSION = YES;
				CLANG_WARN_NON_LITERAL_NULL_CONVERSION = YES;
				CLANG_WARN_OBJC_IMPLICIT_RETAIN_SELF = YES;
				CLANG_WARN_OBJC_LITERAL_CONVERSION = YES;
				CLANG_WARN_OBJC_ROOT_CLASS = YES_ERROR;
				CLANG_WARN_RANGE_LOOP_ANALYSIS = YES;
				CLANG_WARN_STRICT_PROTOTYPES = YES;
				CLANG_WARN_SUSPICIOUS_MOVE = YES;
				CLANG_WARN_UNGUARDED_AVAILABILITY = YES_AGGRESSIVE;
				CLANG_WARN_UNREACHABLE_CODE = YES;
				CLANG_WARN__DUPLICATE_METHOD_MATCH = YES;
				CODE_SIGN_IDENTITY = "iPhone Developer";
				COPY_PHASE_STRIP = NO;
				DEBUG_INFORMATION_FORMAT = dwarf;
				ENABLE_STRICT_OBJC_MSGSEND = YES;
				ENABLE_TESTABILITY = YES;
				GCC_C_LANGUAGE_STANDARD = gnu11;
				GCC_DYNAMIC_NO_PIC = NO;
				GCC_NO_COMMON_BLOCKS = YES;
				GCC_OPTIMIZATION_LEVEL = 0;
				GCC_PREPROCESSOR_DEFINITIONS = (
					"DEBUG=1",
					"$(inherited)",
				);
				GCC_WARN_64_TO_32_BIT_CONVERSION = YES;
				GCC_WARN_ABOUT_RETURN_TYPE = YES_ERROR;
				GCC_WARN_UNDECLARED_SELECTOR = YES;
				GCC_WARN_UNINITIALIZED_AUTOS = YES_AGGRESSIVE;
				GCC_WARN_UNUSED_FUNCTION = YES;
				GCC_WARN_UNUSED_VARIABLE = YES;
				IPHONEOS_DEPLOYMENT_TARGET = 12.1;
				MTL_ENABLE_DEBUG_INFO = INCLUDE_SOURCE;
				MTL_FAST_MATH = YES;
				ONLY_ACTIVE_ARCH = YES;
				SDKROOT = iphoneos;
				SWIFT_ACTIVE_COMPILATION_CONDITIONS = DEBUG;
				SWIFT_OPTIMIZATION_LEVEL = "-Onone";
			};
			name = Debug;
		};
		E0D32D0C22CDFF9100A9BACE /* Release */ = {
			isa = XCBuildConfiguration;
			buildSettings = {
				ALWAYS_SEARCH_USER_PATHS = NO;
				CLANG_ANALYZER_NONNULL = YES;
				CLANG_ANALYZER_NUMBER_OBJECT_CONVERSION = YES_AGGRESSIVE;
				CLANG_CXX_LANGUAGE_STANDARD = "gnu++14";
				CLANG_CXX_LIBRARY = "libc++";
				CLANG_ENABLE_MODULES = YES;
				CLANG_ENABLE_OBJC_ARC = YES;
				CLANG_ENABLE_OBJC_WEAK = YES;
				CLANG_WARN_BLOCK_CAPTURE_AUTORELEASING = YES;
				CLANG_WARN_BOOL_CONVERSION = YES;
				CLANG_WARN_COMMA = YES;
				CLANG_WARN_CONSTANT_CONVERSION = YES;
				CLANG_WARN_DEPRECATED_OBJC_IMPLEMENTATIONS = YES;
				CLANG_WARN_DIRECT_OBJC_ISA_USAGE = YES_ERROR;
				CLANG_WARN_DOCUMENTATION_COMMENTS = YES;
				CLANG_WARN_EMPTY_BODY = YES;
				CLANG_WARN_ENUM_CONVERSION = YES;
				CLANG_WARN_INFINITE_RECURSION = YES;
				CLANG_WARN_INT_CONVERSION = YES;
				CLANG_WARN_NON_LITERAL_NULL_CONVERSION = YES;
				CLANG_WARN_OBJC_IMPLICIT_RETAIN_SELF = YES;
				CLANG_WARN_OBJC_LITERAL_CONVERSION = YES;
				CLANG_WARN_OBJC_ROOT_CLASS = YES_ERROR;
				CLANG_WARN_RANGE_LOOP_ANALYSIS = YES;
				CLANG_WARN_STRICT_PROTOTYPES = YES;
				CLANG_WARN_SUSPICIOUS_MOVE = YES;
				CLANG_WARN_UNGUARDED_AVAILABILITY = YES_AGGRESSIVE;
				CLANG_WARN_UNREACHABLE_CODE = YES;
				CLANG_WARN__DUPLICATE_METHOD_MATCH = YES;
				CODE_SIGN_IDENTITY = "iPhone Developer";
				COPY_PHASE_STRIP = NO;
				DEBUG_INFORMATION_FORMAT = "dwarf-with-dsym";
				ENABLE_NS_ASSERTIONS = NO;
				ENABLE_STRICT_OBJC_MSGSEND = YES;
				GCC_C_LANGUAGE_STANDARD = gnu11;
				GCC_NO_COMMON_BLOCKS = YES;
				GCC_WARN_64_TO_32_BIT_CONVERSION = YES;
				GCC_WARN_ABOUT_RETURN_TYPE = YES_ERROR;
				GCC_WARN_UNDECLARED_SELECTOR = YES;
				GCC_WARN_UNINITIALIZED_AUTOS = YES_AGGRESSIVE;
				GCC_WARN_UNUSED_FUNCTION = YES;
				GCC_WARN_UNUSED_VARIABLE = YES;
				IPHONEOS_DEPLOYMENT_TARGET = 12.1;
				MTL_ENABLE_DEBUG_INFO = NO;
				MTL_FAST_MATH = YES;
				SDKROOT = iphoneos;
				SWIFT_COMPILATION_MODE = wholemodule;
				SWIFT_OPTIMIZATION_LEVEL = "-O";
				VALIDATE_PRODUCT = YES;
			};
			name = Release;
		};
		E0D32D0E22CDFF9100A9BACE /* Debug */ = {
			isa = XCBuildConfiguration;
			buildSettings = {
				ASSETCATALOG_COMPILER_APPICON_NAME = AppIcon;
				CODE_SIGN_STYLE = Automatic;
				DEVELOPMENT_TEAM = Z5WVWE62TT;
				INFOPLIST_FILE = AddicTV/Info.plist;
				IPHONEOS_DEPLOYMENT_TARGET = 12.1;
				LD_RUNPATH_SEARCH_PATHS = (
					"$(inherited)",
					"@executable_path/Frameworks",
				);
				PRODUCT_BUNDLE_IDENTIFIER = com.abunoor.AddicTV;
				PRODUCT_NAME = "$(TARGET_NAME)";
				SWIFT_VERSION = 4.2;
				TARGETED_DEVICE_FAMILY = "1,2";
			};
			name = Debug;
		};
		E0D32D0F22CDFF9100A9BACE /* Release */ = {
			isa = XCBuildConfiguration;
			buildSettings = {
				ASSETCATALOG_COMPILER_APPICON_NAME = AppIcon;
				CODE_SIGN_STYLE = Automatic;
				DEVELOPMENT_TEAM = Z5WVWE62TT;
				INFOPLIST_FILE = AddicTV/Info.plist;
				IPHONEOS_DEPLOYMENT_TARGET = 12.1;
				LD_RUNPATH_SEARCH_PATHS = (
					"$(inherited)",
					"@executable_path/Frameworks",
				);
				PRODUCT_BUNDLE_IDENTIFIER = com.abunoor.AddicTV;
				PRODUCT_NAME = "$(TARGET_NAME)";
				SWIFT_VERSION = 4.2;
				TARGETED_DEVICE_FAMILY = "1,2";
			};
			name = Release;
		};
/* End XCBuildConfiguration section */

/* Begin XCConfigurationList section */
		E0D32CF622CDFF8F00A9BACE /* Build configuration list for PBXProject "AddicTV" */ = {
			isa = XCConfigurationList;
			buildConfigurations = (
				E0D32D0B22CDFF9100A9BACE /* Debug */,
				E0D32D0C22CDFF9100A9BACE /* Release */,
			);
			defaultConfigurationIsVisible = 0;
			defaultConfigurationName = Release;
		};
		E0D32D0D22CDFF9100A9BACE /* Build configuration list for PBXNativeTarget "AddicTV" */ = {
			isa = XCConfigurationList;
			buildConfigurations = (
				E0D32D0E22CDFF9100A9BACE /* Debug */,
				E0D32D0F22CDFF9100A9BACE /* Release */,
			);
			defaultConfigurationIsVisible = 0;
			defaultConfigurationName = Release;
		};
/* End XCConfigurationList section */
	};
	rootObject = E0D32CF322CDFF8F00A9BACE /* Project object */;
}
